// !$*UTF8*$!
{
	archiveVersion = 1;
	classes = {
	};
	objectVersion = 55;
	objects = {

/* Begin PBXBuildFile section */
		5C2F4B75271244BE0002CB52 /* Pomodoro_App_Standalone WatchKit App.app in Embed Watch Content */ = {isa = PBXBuildFile; fileRef = 5C2F4B74271244BE0002CB52 /* Pomodoro_App_Standalone WatchKit App.app */; settings = {ATTRIBUTES = (RemoveHeadersOnCopy, ); }; };
		5C2F4B7A271244C00002CB52 /* Assets.xcassets in Resources */ = {isa = PBXBuildFile; fileRef = 5C2F4B79271244C00002CB52 /* Assets.xcassets */; };
		5C2F4B80271244C00002CB52 /* Pomodoro_App_Standalone WatchKit Extension.appex in Embed App Extensions */ = {isa = PBXBuildFile; fileRef = 5C2F4B7F271244C00002CB52 /* Pomodoro_App_Standalone WatchKit Extension.appex */; settings = {ATTRIBUTES = (RemoveHeadersOnCopy, ); }; };
		5C2F4B85271244C00002CB52 /* Pomodoro_App_StandaloneApp.swift in Sources */ = {isa = PBXBuildFile; fileRef = 5C2F4B84271244C00002CB52 /* Pomodoro_App_StandaloneApp.swift */; };
		5C2F4B87271244C00002CB52 /* ContentView.swift in Sources */ = {isa = PBXBuildFile; fileRef = 5C2F4B86271244C00002CB52 /* ContentView.swift */; };
		5C2F4B89271244C00002CB52 /* NotificationController.swift in Sources */ = {isa = PBXBuildFile; fileRef = 5C2F4B88271244C00002CB52 /* NotificationController.swift */; };
		5C2F4B8B271244C00002CB52 /* NotificationView.swift in Sources */ = {isa = PBXBuildFile; fileRef = 5C2F4B8A271244C00002CB52 /* NotificationView.swift */; };
		5C2F4B8D271244C00002CB52 /* ComplicationController.swift in Sources */ = {isa = PBXBuildFile; fileRef = 5C2F4B8C271244C00002CB52 /* ComplicationController.swift */; };
		5C2F4B8F271244C20002CB52 /* Assets.xcassets in Resources */ = {isa = PBXBuildFile; fileRef = 5C2F4B8E271244C20002CB52 /* Assets.xcassets */; };
		5C2F4B92271244C20002CB52 /* Preview Assets.xcassets in Resources */ = {isa = PBXBuildFile; fileRef = 5C2F4B91271244C20002CB52 /* Preview Assets.xcassets */; };
		5C2F4B9E271244C20002CB52 /* Pomodoro_App_StandaloneTests.swift in Sources */ = {isa = PBXBuildFile; fileRef = 5C2F4B9D271244C20002CB52 /* Pomodoro_App_StandaloneTests.swift */; };
		5C2F4BA8271244C20002CB52 /* Pomodoro_App_StandaloneUITests.swift in Sources */ = {isa = PBXBuildFile; fileRef = 5C2F4BA7271244C20002CB52 /* Pomodoro_App_StandaloneUITests.swift */; };
		5C2F4BAA271244C20002CB52 /* Pomodoro_App_StandaloneUITestsLaunchTests.swift in Sources */ = {isa = PBXBuildFile; fileRef = 5C2F4BA9271244C20002CB52 /* Pomodoro_App_StandaloneUITestsLaunchTests.swift */; };
/* End PBXBuildFile section */

/* Begin PBXContainerItemProxy section */
		5C2F4B76271244BE0002CB52 /* PBXContainerItemProxy */ = {
			isa = PBXContainerItemProxy;
			containerPortal = 5C2F4B6A271244BE0002CB52 /* Project object */;
			proxyType = 1;
			remoteGlobalIDString = 5C2F4B73271244BE0002CB52;
			remoteInfo = "Pomodoro_App_Standalone WatchKit App";
		};
		5C2F4B81271244C00002CB52 /* PBXContainerItemProxy */ = {
			isa = PBXContainerItemProxy;
			containerPortal = 5C2F4B6A271244BE0002CB52 /* Project object */;
			proxyType = 1;
			remoteGlobalIDString = 5C2F4B7E271244C00002CB52;
			remoteInfo = "Pomodoro_App_Standalone WatchKit Extension";
		};
		5C2F4B9A271244C20002CB52 /* PBXContainerItemProxy */ = {
			isa = PBXContainerItemProxy;
			containerPortal = 5C2F4B6A271244BE0002CB52 /* Project object */;
			proxyType = 1;
			remoteGlobalIDString = 5C2F4B7E271244C00002CB52;
			remoteInfo = "Pomodoro_App_Standalone WatchKit Extension";
		};
		5C2F4BA4271244C20002CB52 /* PBXContainerItemProxy */ = {
			isa = PBXContainerItemProxy;
			containerPortal = 5C2F4B6A271244BE0002CB52 /* Project object */;
			proxyType = 1;
			remoteGlobalIDString = 5C2F4B73271244BE0002CB52;
			remoteInfo = "Pomodoro_App_Standalone WatchKit App";
		};
/* End PBXContainerItemProxy section */

/* Begin PBXCopyFilesBuildPhase section */
		5C2F4BB0271244C20002CB52 /* Embed App Extensions */ = {
			isa = PBXCopyFilesBuildPhase;
			buildActionMask = 2147483647;
			dstPath = "";
			dstSubfolderSpec = 13;
			files = (
				5C2F4B80271244C00002CB52 /* Pomodoro_App_Standalone WatchKit Extension.appex in Embed App Extensions */,
			);
			name = "Embed App Extensions";
			runOnlyForDeploymentPostprocessing = 0;
		};
		5C2F4BB4271244C20002CB52 /* Embed Watch Content */ = {
			isa = PBXCopyFilesBuildPhase;
			buildActionMask = 2147483647;
			dstPath = "$(CONTENTS_FOLDER_PATH)/Watch";
			dstSubfolderSpec = 16;
			files = (
				5C2F4B75271244BE0002CB52 /* Pomodoro_App_Standalone WatchKit App.app in Embed Watch Content */,
			);
			name = "Embed Watch Content";
			runOnlyForDeploymentPostprocessing = 0;
		};
/* End PBXCopyFilesBuildPhase section */

/* Begin PBXFileReference section */
		5C2F4B70271244BE0002CB52 /* Pomodoro_App_Standalone.app */ = {isa = PBXFileReference; explicitFileType = wrapper.application; includeInIndex = 0; path = Pomodoro_App_Standalone.app; sourceTree = BUILT_PRODUCTS_DIR; };
		5C2F4B74271244BE0002CB52 /* Pomodoro_App_Standalone WatchKit App.app */ = {isa = PBXFileReference; explicitFileType = wrapper.application; includeInIndex = 0; path = "Pomodoro_App_Standalone WatchKit App.app"; sourceTree = BUILT_PRODUCTS_DIR; };
		5C2F4B79271244C00002CB52 /* Assets.xcassets */ = {isa = PBXFileReference; lastKnownFileType = folder.assetcatalog; path = Assets.xcassets; sourceTree = "<group>"; };
		5C2F4B7F271244C00002CB52 /* Pomodoro_App_Standalone WatchKit Extension.appex */ = {isa = PBXFileReference; explicitFileType = "wrapper.app-extension"; includeInIndex = 0; path = "Pomodoro_App_Standalone WatchKit Extension.appex"; sourceTree = BUILT_PRODUCTS_DIR; };
		5C2F4B84271244C00002CB52 /* Pomodoro_App_StandaloneApp.swift */ = {isa = PBXFileReference; lastKnownFileType = sourcecode.swift; path = Pomodoro_App_StandaloneApp.swift; sourceTree = "<group>"; };
		5C2F4B86271244C00002CB52 /* ContentView.swift */ = {isa = PBXFileReference; lastKnownFileType = sourcecode.swift; path = ContentView.swift; sourceTree = "<group>"; };
		5C2F4B88271244C00002CB52 /* NotificationController.swift */ = {isa = PBXFileReference; lastKnownFileType = sourcecode.swift; path = NotificationController.swift; sourceTree = "<group>"; };
		5C2F4B8A271244C00002CB52 /* NotificationView.swift */ = {isa = PBXFileReference; lastKnownFileType = sourcecode.swift; path = NotificationView.swift; sourceTree = "<group>"; };
		5C2F4B8C271244C00002CB52 /* ComplicationController.swift */ = {isa = PBXFileReference; lastKnownFileType = sourcecode.swift; path = ComplicationController.swift; sourceTree = "<group>"; };
		5C2F4B8E271244C20002CB52 /* Assets.xcassets */ = {isa = PBXFileReference; lastKnownFileType = folder.assetcatalog; path = Assets.xcassets; sourceTree = "<group>"; };
		5C2F4B91271244C20002CB52 /* Preview Assets.xcassets */ = {isa = PBXFileReference; lastKnownFileType = folder.assetcatalog; path = "Preview Assets.xcassets"; sourceTree = "<group>"; };
		5C2F4B93271244C20002CB52 /* Info.plist */ = {isa = PBXFileReference; lastKnownFileType = text.plist.xml; path = Info.plist; sourceTree = "<group>"; };
		5C2F4B94271244C20002CB52 /* PushNotificationPayload.apns */ = {isa = PBXFileReference; lastKnownFileType = text; path = PushNotificationPayload.apns; sourceTree = "<group>"; };
		5C2F4B99271244C20002CB52 /* Pomodoro_App_StandaloneTests.xctest */ = {isa = PBXFileReference; explicitFileType = wrapper.cfbundle; includeInIndex = 0; path = Pomodoro_App_StandaloneTests.xctest; sourceTree = BUILT_PRODUCTS_DIR; };
		5C2F4B9D271244C20002CB52 /* Pomodoro_App_StandaloneTests.swift */ = {isa = PBXFileReference; lastKnownFileType = sourcecode.swift; path = Pomodoro_App_StandaloneTests.swift; sourceTree = "<group>"; };
		5C2F4BA3271244C20002CB52 /* Pomodoro_App_StandaloneUITests.xctest */ = {isa = PBXFileReference; explicitFileType = wrapper.cfbundle; includeInIndex = 0; path = Pomodoro_App_StandaloneUITests.xctest; sourceTree = BUILT_PRODUCTS_DIR; };
		5C2F4BA7271244C20002CB52 /* Pomodoro_App_StandaloneUITests.swift */ = {isa = PBXFileReference; lastKnownFileType = sourcecode.swift; path = Pomodoro_App_StandaloneUITests.swift; sourceTree = "<group>"; };
		5C2F4BA9271244C20002CB52 /* Pomodoro_App_StandaloneUITestsLaunchTests.swift */ = {isa = PBXFileReference; lastKnownFileType = sourcecode.swift; path = Pomodoro_App_StandaloneUITestsLaunchTests.swift; sourceTree = "<group>"; };
/* End PBXFileReference section */

/* Begin PBXFrameworksBuildPhase section */
		5C2F4B7C271244C00002CB52 /* Frameworks */ = {
			isa = PBXFrameworksBuildPhase;
			buildActionMask = 2147483647;
			files = (
			);
			runOnlyForDeploymentPostprocessing = 0;
		};
		5C2F4B96271244C20002CB52 /* Frameworks */ = {
			isa = PBXFrameworksBuildPhase;
			buildActionMask = 2147483647;
			files = (
			);
			runOnlyForDeploymentPostprocessing = 0;
		};
		5C2F4BA0271244C20002CB52 /* Frameworks */ = {
			isa = PBXFrameworksBuildPhase;
			buildActionMask = 2147483647;
			files = (
			);
			runOnlyForDeploymentPostprocessing = 0;
		};
/* End PBXFrameworksBuildPhase section */

/* Begin PBXGroup section */
		5C2F4B69271244BE0002CB52 = {
			isa = PBXGroup;
			children = (
				5C2F4B78271244BE0002CB52 /* Pomodoro_App_Standalone WatchKit App */,
				5C2F4B83271244C00002CB52 /* Pomodoro_App_Standalone WatchKit Extension */,
				5C2F4B9C271244C20002CB52 /* Pomodoro_App_StandaloneTests */,
				5C2F4BA6271244C20002CB52 /* Pomodoro_App_StandaloneUITests */,
				5C2F4B71271244BE0002CB52 /* Products */,
			);
			sourceTree = "<group>";
		};
		5C2F4B71271244BE0002CB52 /* Products */ = {
			isa = PBXGroup;
			children = (
				5C2F4B70271244BE0002CB52 /* Pomodoro_App_Standalone.app */,
				5C2F4B74271244BE0002CB52 /* Pomodoro_App_Standalone WatchKit App.app */,
				5C2F4B7F271244C00002CB52 /* Pomodoro_App_Standalone WatchKit Extension.appex */,
				5C2F4B99271244C20002CB52 /* Pomodoro_App_StandaloneTests.xctest */,
				5C2F4BA3271244C20002CB52 /* Pomodoro_App_StandaloneUITests.xctest */,
			);
			name = Products;
			sourceTree = "<group>";
		};
		5C2F4B78271244BE0002CB52 /* Pomodoro_App_Standalone WatchKit App */ = {
			isa = PBXGroup;
			children = (
				5C2F4B79271244C00002CB52 /* Assets.xcassets */,
			);
			path = "Pomodoro_App_Standalone WatchKit App";
			sourceTree = "<group>";
		};
		5C2F4B83271244C00002CB52 /* Pomodoro_App_Standalone WatchKit Extension */ = {
			isa = PBXGroup;
			children = (
				5C2F4B84271244C00002CB52 /* Pomodoro_App_StandaloneApp.swift */,
				5C2F4B86271244C00002CB52 /* ContentView.swift */,
				5C2F4B88271244C00002CB52 /* NotificationController.swift */,
				5C2F4B8A271244C00002CB52 /* NotificationView.swift */,
				5C2F4B8C271244C00002CB52 /* ComplicationController.swift */,
				5C2F4B8E271244C20002CB52 /* Assets.xcassets */,
				5C2F4B93271244C20002CB52 /* Info.plist */,
				5C2F4B94271244C20002CB52 /* PushNotificationPayload.apns */,
				5C2F4B90271244C20002CB52 /* Preview Content */,
			);
			path = "Pomodoro_App_Standalone WatchKit Extension";
			sourceTree = "<group>";
		};
		5C2F4B90271244C20002CB52 /* Preview Content */ = {
			isa = PBXGroup;
			children = (
				5C2F4B91271244C20002CB52 /* Preview Assets.xcassets */,
			);
			path = "Preview Content";
			sourceTree = "<group>";
		};
		5C2F4B9C271244C20002CB52 /* Pomodoro_App_StandaloneTests */ = {
			isa = PBXGroup;
			children = (
				5C2F4B9D271244C20002CB52 /* Pomodoro_App_StandaloneTests.swift */,
			);
			path = Pomodoro_App_StandaloneTests;
			sourceTree = "<group>";
		};
		5C2F4BA6271244C20002CB52 /* Pomodoro_App_StandaloneUITests */ = {
			isa = PBXGroup;
			children = (
				5C2F4BA7271244C20002CB52 /* Pomodoro_App_StandaloneUITests.swift */,
				5C2F4BA9271244C20002CB52 /* Pomodoro_App_StandaloneUITestsLaunchTests.swift */,
			);
			path = Pomodoro_App_StandaloneUITests;
			sourceTree = "<group>";
		};
/* End PBXGroup section */

/* Begin PBXNativeTarget section */
		5C2F4B6F271244BE0002CB52 /* Pomodoro_App_Standalone */ = {
			isa = PBXNativeTarget;
			buildConfigurationList = 5C2F4BB5271244C20002CB52 /* Build configuration list for PBXNativeTarget "Pomodoro_App_Standalone" */;
			buildPhases = (
				5C2F4B6E271244BE0002CB52 /* Resources */,
				5C2F4BB4271244C20002CB52 /* Embed Watch Content */,
			);
			buildRules = (
			);
			dependencies = (
				5C2F4B77271244BE0002CB52 /* PBXTargetDependency */,
			);
			name = Pomodoro_App_Standalone;
			productName = Pomodoro_App_Standalone;
			productReference = 5C2F4B70271244BE0002CB52 /* Pomodoro_App_Standalone.app */;
			productType = "com.apple.product-type.application.watchapp2-container";
		};
		5C2F4B73271244BE0002CB52 /* Pomodoro_App_Standalone WatchKit App */ = {
			isa = PBXNativeTarget;
			buildConfigurationList = 5C2F4BB1271244C20002CB52 /* Build configuration list for PBXNativeTarget "Pomodoro_App_Standalone WatchKit App" */;
			buildPhases = (
				5C2F4B72271244BE0002CB52 /* Resources */,
				5C2F4BB0271244C20002CB52 /* Embed App Extensions */,
			);
			buildRules = (
			);
			dependencies = (
				5C2F4B82271244C00002CB52 /* PBXTargetDependency */,
			);
			name = "Pomodoro_App_Standalone WatchKit App";
			productName = "Pomodoro_App_Standalone WatchKit App";
			productReference = 5C2F4B74271244BE0002CB52 /* Pomodoro_App_Standalone WatchKit App.app */;
			productType = "com.apple.product-type.application.watchapp2";
		};
		5C2F4B7E271244C00002CB52 /* Pomodoro_App_Standalone WatchKit Extension */ = {
			isa = PBXNativeTarget;
			buildConfigurationList = 5C2F4BAD271244C20002CB52 /* Build configuration list for PBXNativeTarget "Pomodoro_App_Standalone WatchKit Extension" */;
			buildPhases = (
				5C2F4B7B271244C00002CB52 /* Sources */,
				5C2F4B7C271244C00002CB52 /* Frameworks */,
				5C2F4B7D271244C00002CB52 /* Resources */,
			);
			buildRules = (
			);
			dependencies = (
			);
			name = "Pomodoro_App_Standalone WatchKit Extension";
			productName = "Pomodoro_App_Standalone WatchKit Extension";
			productReference = 5C2F4B7F271244C00002CB52 /* Pomodoro_App_Standalone WatchKit Extension.appex */;
			productType = "com.apple.product-type.watchkit2-extension";
		};
		5C2F4B98271244C20002CB52 /* Pomodoro_App_StandaloneTests */ = {
			isa = PBXNativeTarget;
			buildConfigurationList = 5C2F4BB8271244C20002CB52 /* Build configuration list for PBXNativeTarget "Pomodoro_App_StandaloneTests" */;
			buildPhases = (
				5C2F4B95271244C20002CB52 /* Sources */,
				5C2F4B96271244C20002CB52 /* Frameworks */,
				5C2F4B97271244C20002CB52 /* Resources */,
			);
			buildRules = (
			);
			dependencies = (
				5C2F4B9B271244C20002CB52 /* PBXTargetDependency */,
			);
			name = Pomodoro_App_StandaloneTests;
			productName = Pomodoro_App_StandaloneTests;
			productReference = 5C2F4B99271244C20002CB52 /* Pomodoro_App_StandaloneTests.xctest */;
			productType = "com.apple.product-type.bundle.unit-test";
		};
		5C2F4BA2271244C20002CB52 /* Pomodoro_App_StandaloneUITests */ = {
			isa = PBXNativeTarget;
			buildConfigurationList = 5C2F4BBB271244C20002CB52 /* Build configuration list for PBXNativeTarget "Pomodoro_App_StandaloneUITests" */;
			buildPhases = (
				5C2F4B9F271244C20002CB52 /* Sources */,
				5C2F4BA0271244C20002CB52 /* Frameworks */,
				5C2F4BA1271244C20002CB52 /* Resources */,
			);
			buildRules = (
			);
			dependencies = (
				5C2F4BA5271244C20002CB52 /* PBXTargetDependency */,
			);
			name = Pomodoro_App_StandaloneUITests;
			productName = Pomodoro_App_StandaloneUITests;
			productReference = 5C2F4BA3271244C20002CB52 /* Pomodoro_App_StandaloneUITests.xctest */;
			productType = "com.apple.product-type.bundle.ui-testing";
		};
/* End PBXNativeTarget section */

/* Begin PBXProject section */
		5C2F4B6A271244BE0002CB52 /* Project object */ = {
			isa = PBXProject;
			attributes = {
				BuildIndependentTargetsInParallel = 1;
				LastSwiftUpdateCheck = 1300;
				LastUpgradeCheck = 1300;
				TargetAttributes = {
					5C2F4B6F271244BE0002CB52 = {
						CreatedOnToolsVersion = 13.0;
					};
					5C2F4B73271244BE0002CB52 = {
						CreatedOnToolsVersion = 13.0;
					};
					5C2F4B7E271244C00002CB52 = {
						CreatedOnToolsVersion = 13.0;
					};
					5C2F4B98271244C20002CB52 = {
						CreatedOnToolsVersion = 13.0;
						TestTargetID = 5C2F4B7E271244C00002CB52;
					};
					5C2F4BA2271244C20002CB52 = {
						CreatedOnToolsVersion = 13.0;
						TestTargetID = 5C2F4B73271244BE0002CB52;
					};
				};
			};
			buildConfigurationList = 5C2F4B6D271244BE0002CB52 /* Build configuration list for PBXProject "Pomodoro_App_Standalone" */;
			compatibilityVersion = "Xcode 13.0";
			developmentRegion = en;
			hasScannedForEncodings = 0;
			knownRegions = (
				en,
				Base,
			);
			mainGroup = 5C2F4B69271244BE0002CB52;
			productRefGroup = 5C2F4B71271244BE0002CB52 /* Products */;
			projectDirPath = "";
			projectRoot = "";
			targets = (
				5C2F4B6F271244BE0002CB52 /* Pomodoro_App_Standalone */,
				5C2F4B73271244BE0002CB52 /* Pomodoro_App_Standalone WatchKit App */,
				5C2F4B7E271244C00002CB52 /* Pomodoro_App_Standalone WatchKit Extension */,
				5C2F4B98271244C20002CB52 /* Pomodoro_App_StandaloneTests */,
				5C2F4BA2271244C20002CB52 /* Pomodoro_App_StandaloneUITests */,
			);
		};
/* End PBXProject section */

/* Begin PBXResourcesBuildPhase section */
		5C2F4B6E271244BE0002CB52 /* Resources */ = {
			isa = PBXResourcesBuildPhase;
			buildActionMask = 2147483647;
			files = (
			);
			runOnlyForDeploymentPostprocessing = 0;
		};
		5C2F4B72271244BE0002CB52 /* Resources */ = {
			isa = PBXResourcesBuildPhase;
			buildActionMask = 2147483647;
			files = (
				5C2F4B7A271244C00002CB52 /* Assets.xcassets in Resources */,
			);
			runOnlyForDeploymentPostprocessing = 0;
		};
		5C2F4B7D271244C00002CB52 /* Resources */ = {
			isa = PBXResourcesBuildPhase;
			buildActionMask = 2147483647;
			files = (
				5C2F4B92271244C20002CB52 /* Preview Assets.xcassets in Resources */,
				5C2F4B8F271244C20002CB52 /* Assets.xcassets in Resources */,
			);
			runOnlyForDeploymentPostprocessing = 0;
		};
		5C2F4B97271244C20002CB52 /* Resources */ = {
			isa = PBXResourcesBuildPhase;
			buildActionMask = 2147483647;
			files = (
			);
			runOnlyForDeploymentPostprocessing = 0;
		};
		5C2F4BA1271244C20002CB52 /* Resources */ = {
			isa = PBXResourcesBuildPhase;
			buildActionMask = 2147483647;
			files = (
			);
			runOnlyForDeploymentPostprocessing = 0;
		};
/* End PBXResourcesBuildPhase section */

/* Begin PBXSourcesBuildPhase section */
		5C2F4B7B271244C00002CB52 /* Sources */ = {
			isa = PBXSourcesBuildPhase;
			buildActionMask = 2147483647;
			files = (
				5C2F4B89271244C00002CB52 /* NotificationController.swift in Sources */,
				5C2F4B87271244C00002CB52 /* ContentView.swift in Sources */,
				5C2F4B8D271244C00002CB52 /* ComplicationController.swift in Sources */,
				5C2F4B85271244C00002CB52 /* Pomodoro_App_StandaloneApp.swift in Sources */,
				5C2F4B8B271244C00002CB52 /* NotificationView.swift in Sources */,
			);
			runOnlyForDeploymentPostprocessing = 0;
		};
		5C2F4B95271244C20002CB52 /* Sources */ = {
			isa = PBXSourcesBuildPhase;
			buildActionMask = 2147483647;
			files = (
				5C2F4B9E271244C20002CB52 /* Pomodoro_App_StandaloneTests.swift in Sources */,
			);
			runOnlyForDeploymentPostprocessing = 0;
		};
		5C2F4B9F271244C20002CB52 /* Sources */ = {
			isa = PBXSourcesBuildPhase;
			buildActionMask = 2147483647;
			files = (
				5C2F4BAA271244C20002CB52 /* Pomodoro_App_StandaloneUITestsLaunchTests.swift in Sources */,
				5C2F4BA8271244C20002CB52 /* Pomodoro_App_StandaloneUITests.swift in Sources */,
			);
			runOnlyForDeploymentPostprocessing = 0;
		};
/* End PBXSourcesBuildPhase section */

/* Begin PBXTargetDependency section */
		5C2F4B77271244BE0002CB52 /* PBXTargetDependency */ = {
			isa = PBXTargetDependency;
			target = 5C2F4B73271244BE0002CB52 /* Pomodoro_App_Standalone WatchKit App */;
			targetProxy = 5C2F4B76271244BE0002CB52 /* PBXContainerItemProxy */;
		};
		5C2F4B82271244C00002CB52 /* PBXTargetDependency */ = {
			isa = PBXTargetDependency;
			target = 5C2F4B7E271244C00002CB52 /* Pomodoro_App_Standalone WatchKit Extension */;
			targetProxy = 5C2F4B81271244C00002CB52 /* PBXContainerItemProxy */;
		};
		5C2F4B9B271244C20002CB52 /* PBXTargetDependency */ = {
			isa = PBXTargetDependency;
			target = 5C2F4B7E271244C00002CB52 /* Pomodoro_App_Standalone WatchKit Extension */;
			targetProxy = 5C2F4B9A271244C20002CB52 /* PBXContainerItemProxy */;
		};
		5C2F4BA5271244C20002CB52 /* PBXTargetDependency */ = {
			isa = PBXTargetDependency;
			target = 5C2F4B73271244BE0002CB52 /* Pomodoro_App_Standalone WatchKit App */;
			targetProxy = 5C2F4BA4271244C20002CB52 /* PBXContainerItemProxy */;
		};
/* End PBXTargetDependency section */

/* Begin XCBuildConfiguration section */
		5C2F4BAB271244C20002CB52 /* Debug */ = {
			isa = XCBuildConfiguration;
			buildSettings = {
				ALWAYS_SEARCH_USER_PATHS = NO;
				CLANG_ANALYZER_NONNULL = YES;
				CLANG_ANALYZER_NUMBER_OBJECT_CONVERSION = YES_AGGRESSIVE;
				CLANG_CXX_LANGUAGE_STANDARD = "gnu++17";
				CLANG_CXX_LIBRARY = "libc++";
				CLANG_ENABLE_MODULES = YES;
				CLANG_ENABLE_OBJC_ARC = YES;
				CLANG_ENABLE_OBJC_WEAK = YES;
				CLANG_WARN_BLOCK_CAPTURE_AUTORELEASING = YES;
				CLANG_WARN_BOOL_CONVERSION = YES;
				CLANG_WARN_COMMA = YES;
				CLANG_WARN_CONSTANT_CONVERSION = YES;
				CLANG_WARN_DEPRECATED_OBJC_IMPLEMENTATIONS = YES;
				CLANG_WARN_DIRECT_OBJC_ISA_USAGE = YES_ERROR;
				CLANG_WARN_DOCUMENTATION_COMMENTS = YES;
				CLANG_WARN_EMPTY_BODY = YES;
				CLANG_WARN_ENUM_CONVERSION = YES;
				CLANG_WARN_INFINITE_RECURSION = YES;
				CLANG_WARN_INT_CONVERSION = YES;
				CLANG_WARN_NON_LITERAL_NULL_CONVERSION = YES;
				CLANG_WARN_OBJC_IMPLICIT_RETAIN_SELF = YES;
				CLANG_WARN_OBJC_LITERAL_CONVERSION = YES;
				CLANG_WARN_OBJC_ROOT_CLASS = YES_ERROR;
				CLANG_WARN_QUOTED_INCLUDE_IN_FRAMEWORK_HEADER = YES;
				CLANG_WARN_RANGE_LOOP_ANALYSIS = YES;
				CLANG_WARN_STRICT_PROTOTYPES = YES;
				CLANG_WARN_SUSPICIOUS_MOVE = YES;
				CLANG_WARN_UNGUARDED_AVAILABILITY = YES_AGGRESSIVE;
				CLANG_WARN_UNREACHABLE_CODE = YES;
				CLANG_WARN__DUPLICATE_METHOD_MATCH = YES;
				COPY_PHASE_STRIP = NO;
				DEBUG_INFORMATION_FORMAT = dwarf;
				ENABLE_STRICT_OBJC_MSGSEND = YES;
				ENABLE_TESTABILITY = YES;
				GCC_C_LANGUAGE_STANDARD = gnu11;
				GCC_DYNAMIC_NO_PIC = NO;
				GCC_NO_COMMON_BLOCKS = YES;
				GCC_OPTIMIZATION_LEVEL = 0;
				GCC_PREPROCESSOR_DEFINITIONS = (
					"DEBUG=1",
					"$(inherited)",
				);
				GCC_WARN_64_TO_32_BIT_CONVERSION = YES;
				GCC_WARN_ABOUT_RETURN_TYPE = YES_ERROR;
				GCC_WARN_UNDECLARED_SELECTOR = YES;
				GCC_WARN_UNINITIALIZED_AUTOS = YES_AGGRESSIVE;
				GCC_WARN_UNUSED_FUNCTION = YES;
				GCC_WARN_UNUSED_VARIABLE = YES;
				MTL_ENABLE_DEBUG_INFO = INCLUDE_SOURCE;
				MTL_FAST_MATH = YES;
				ONLY_ACTIVE_ARCH = YES;
				SDKROOT = iphoneos;
				SWIFT_ACTIVE_COMPILATION_CONDITIONS = DEBUG;
				SWIFT_OPTIMIZATION_LEVEL = "-Onone";
			};
			name = Debug;
		};
		5C2F4BAC271244C20002CB52 /* Release */ = {
			isa = XCBuildConfiguration;
			buildSettings = {
				ALWAYS_SEARCH_USER_PATHS = NO;
				CLANG_ANALYZER_NONNULL = YES;
				CLANG_ANALYZER_NUMBER_OBJECT_CONVERSION = YES_AGGRESSIVE;
				CLANG_CXX_LANGUAGE_STANDARD = "gnu++17";
				CLANG_CXX_LIBRARY = "libc++";
				CLANG_ENABLE_MODULES = YES;
				CLANG_ENABLE_OBJC_ARC = YES;
				CLANG_ENABLE_OBJC_WEAK = YES;
				CLANG_WARN_BLOCK_CAPTURE_AUTORELEASING = YES;
				CLANG_WARN_BOOL_CONVERSION = YES;
				CLANG_WARN_COMMA = YES;
				CLANG_WARN_CONSTANT_CONVERSION = YES;
				CLANG_WARN_DEPRECATED_OBJC_IMPLEMENTATIONS = YES;
				CLANG_WARN_DIRECT_OBJC_ISA_USAGE = YES_ERROR;
				CLANG_WARN_DOCUMENTATION_COMMENTS = YES;
				CLANG_WARN_EMPTY_BODY = YES;
				CLANG_WARN_ENUM_CONVERSION = YES;
				CLANG_WARN_INFINITE_RECURSION = YES;
				CLANG_WARN_INT_CONVERSION = YES;
				CLANG_WARN_NON_LITERAL_NULL_CONVERSION = YES;
				CLANG_WARN_OBJC_IMPLICIT_RETAIN_SELF = YES;
				CLANG_WARN_OBJC_LITERAL_CONVERSION = YES;
				CLANG_WARN_OBJC_ROOT_CLASS = YES_ERROR;
				CLANG_WARN_QUOTED_INCLUDE_IN_FRAMEWORK_HEADER = YES;
				CLANG_WARN_RANGE_LOOP_ANALYSIS = YES;
				CLANG_WARN_STRICT_PROTOTYPES = YES;
				CLANG_WARN_SUSPICIOUS_MOVE = YES;
				CLANG_WARN_UNGUARDED_AVAILABILITY = YES_AGGRESSIVE;
				CLANG_WARN_UNREACHABLE_CODE = YES;
				CLANG_WARN__DUPLICATE_METHOD_MATCH = YES;
				COPY_PHASE_STRIP = NO;
				DEBUG_INFORMATION_FORMAT = "dwarf-with-dsym";
				ENABLE_NS_ASSERTIONS = NO;
				ENABLE_STRICT_OBJC_MSGSEND = YES;
				GCC_C_LANGUAGE_STANDARD = gnu11;
				GCC_NO_COMMON_BLOCKS = YES;
				GCC_WARN_64_TO_32_BIT_CONVERSION = YES;
				GCC_WARN_ABOUT_RETURN_TYPE = YES_ERROR;
				GCC_WARN_UNDECLARED_SELECTOR = YES;
				GCC_WARN_UNINITIALIZED_AUTOS = YES_AGGRESSIVE;
				GCC_WARN_UNUSED_FUNCTION = YES;
				GCC_WARN_UNUSED_VARIABLE = YES;
				MTL_ENABLE_DEBUG_INFO = NO;
				MTL_FAST_MATH = YES;
				SDKROOT = iphoneos;
				SWIFT_COMPILATION_MODE = wholemodule;
				SWIFT_OPTIMIZATION_LEVEL = "-O";
				VALIDATE_PRODUCT = YES;
			};
			name = Release;
		};
		5C2F4BAE271244C20002CB52 /* Debug */ = {
			isa = XCBuildConfiguration;
			buildSettings = {
				ASSETCATALOG_COMPILER_COMPLICATION_NAME = Complication;
				CODE_SIGN_STYLE = Automatic;
				CURRENT_PROJECT_VERSION = 1;
				DEVELOPMENT_ASSET_PATHS = "\"Pomodoro_App_Standalone WatchKit Extension/Preview Content\"";
				ENABLE_PREVIEWS = YES;
				GENERATE_INFOPLIST_FILE = YES;
				INFOPLIST_FILE = "Pomodoro_App_Standalone WatchKit Extension/Info.plist";
				INFOPLIST_KEY_CFBundleDisplayName = "Pomodoro_App_Standalone WatchKit Extension";
				INFOPLIST_KEY_CLKComplicationPrincipalClass = "$(PRODUCT_MODULE_NAME).ComplicationController";
				INFOPLIST_KEY_NSHumanReadableCopyright = "";
				INFOPLIST_KEY_WKWatchOnly = YES;
				LD_RUNPATH_SEARCH_PATHS = (
					"$(inherited)",
					"@executable_path/Frameworks",
					"@executable_path/../../Frameworks",
				);
				MARKETING_VERSION = 1.0;
				PRODUCT_BUNDLE_IDENTIFIER = "Pomodoro.Pomodoro-App-Standalone.watchkitapp.watchkitextension";
				PRODUCT_NAME = "${TARGET_NAME}";
				SDKROOT = watchos;
				SKIP_INSTALL = YES;
				SWIFT_EMIT_LOC_STRINGS = YES;
				SWIFT_VERSION = 5.0;
				TARGETED_DEVICE_FAMILY = 4;
				WATCHOS_DEPLOYMENT_TARGET = 8.0;
			};
			name = Debug;
		};
		5C2F4BAF271244C20002CB52 /* Release */ = {
			isa = XCBuildConfiguration;
			buildSettings = {
				ASSETCATALOG_COMPILER_COMPLICATION_NAME = Complication;
				CODE_SIGN_STYLE = Automatic;
				CURRENT_PROJECT_VERSION = 1;
				DEVELOPMENT_ASSET_PATHS = "\"Pomodoro_App_Standalone WatchKit Extension/Preview Content\"";
				ENABLE_PREVIEWS = YES;
				GENERATE_INFOPLIST_FILE = YES;
				INFOPLIST_FILE = "Pomodoro_App_Standalone WatchKit Extension/Info.plist";
				INFOPLIST_KEY_CFBundleDisplayName = "Pomodoro_App_Standalone WatchKit Extension";
				INFOPLIST_KEY_CLKComplicationPrincipalClass = "$(PRODUCT_MODULE_NAME).ComplicationController";
				INFOPLIST_KEY_NSHumanReadableCopyright = "";
				INFOPLIST_KEY_WKWatchOnly = YES;
				LD_RUNPATH_SEARCH_PATHS = (
					"$(inherited)",
					"@executable_path/Frameworks",
					"@executable_path/../../Frameworks",
				);
				MARKETING_VERSION = 1.0;
				PRODUCT_BUNDLE_IDENTIFIER = "Pomodoro.Pomodoro-App-Standalone.watchkitapp.watchkitextension";
				PRODUCT_NAME = "${TARGET_NAME}";
				SDKROOT = watchos;
				SKIP_INSTALL = YES;
				SWIFT_EMIT_LOC_STRINGS = YES;
				SWIFT_VERSION = 5.0;
				TARGETED_DEVICE_FAMILY = 4;
				WATCHOS_DEPLOYMENT_TARGET = 8.0;
			};
			name = Release;
		};
		5C2F4BB2271244C20002CB52 /* Debug */ = {
			isa = XCBuildConfiguration;
			buildSettings = {
				ALWAYS_EMBED_SWIFT_STANDARD_LIBRARIES = YES;
				ASSETCATALOG_COMPILER_APPICON_NAME = AppIcon;
				ASSETCATALOG_COMPILER_GLOBAL_ACCENT_COLOR_NAME = AccentColor;
				CODE_SIGN_STYLE = Automatic;
				CURRENT_PROJECT_VERSION = 1;
				GENERATE_INFOPLIST_FILE = YES;
				IBSC_MODULE = Pomodoro_App_Standalone_WatchKit_Extension;
				INFOPLIST_KEY_CFBundleDisplayName = "Pomodoro_App_Standalone WatchKit App";
				INFOPLIST_KEY_UISupportedInterfaceOrientations = "UIInterfaceOrientationPortrait UIInterfaceOrientationPortraitUpsideDown";
				MARKETING_VERSION = 1.0;
				PRODUCT_BUNDLE_IDENTIFIER = "Pomodoro.Pomodoro-App-Standalone.watchkitapp";
				PRODUCT_NAME = "$(TARGET_NAME)";
				SDKROOT = watchos;
				SKIP_INSTALL = YES;
				SWIFT_EMIT_LOC_STRINGS = YES;
				SWIFT_VERSION = 5.0;
				TARGETED_DEVICE_FAMILY = 4;
				WATCHOS_DEPLOYMENT_TARGET = 8.0;
			};
			name = Debug;
		};
		5C2F4BB3271244C20002CB52 /* Release */ = {
			isa = XCBuildConfiguration;
			buildSettings = {
				ALWAYS_EMBED_SWIFT_STANDARD_LIBRARIES = YES;
				ASSETCATALOG_COMPILER_APPICON_NAME = AppIcon;
				ASSETCATALOG_COMPILER_GLOBAL_ACCENT_COLOR_NAME = AccentColor;
				CODE_SIGN_STYLE = Automatic;
				CURRENT_PROJECT_VERSION = 1;
				GENERATE_INFOPLIST_FILE = YES;
				IBSC_MODULE = Pomodoro_App_Standalone_WatchKit_Extension;
				INFOPLIST_KEY_CFBundleDisplayName = "Pomodoro_App_Standalone WatchKit App";
				INFOPLIST_KEY_UISupportedInterfaceOrientations = "UIInterfaceOrientationPortrait UIInterfaceOrientationPortraitUpsideDown";
				MARKETING_VERSION = 1.0;
				PRODUCT_BUNDLE_IDENTIFIER = "Pomodoro.Pomodoro-App-Standalone.watchkitapp";
				PRODUCT_NAME = "$(TARGET_NAME)";
				SDKROOT = watchos;
				SKIP_INSTALL = YES;
				SWIFT_EMIT_LOC_STRINGS = YES;
				SWIFT_VERSION = 5.0;
				TARGETED_DEVICE_FAMILY = 4;
				WATCHOS_DEPLOYMENT_TARGET = 8.0;
			};
			name = Release;
		};
		5C2F4BB6271244C20002CB52 /* Debug */ = {
			isa = XCBuildConfiguration;
			buildSettings = {
				CODE_SIGN_STYLE = Automatic;
				CURRENT_PROJECT_VERSION = 1;
				MARKETING_VERSION = 1.0;
				PRODUCT_BUNDLE_IDENTIFIER = "Pomodoro.Pomodoro-App-Standalone";
				PRODUCT_NAME = "$(TARGET_NAME)";
				SWIFT_VERSION = 5.0;
			};
			name = Debug;
		};
		5C2F4BB7271244C20002CB52 /* Release */ = {
			isa = XCBuildConfiguration;
			buildSettings = {
				CODE_SIGN_STYLE = Automatic;
				CURRENT_PROJECT_VERSION = 1;
				MARKETING_VERSION = 1.0;
				PRODUCT_BUNDLE_IDENTIFIER = "Pomodoro.Pomodoro-App-Standalone";
				PRODUCT_NAME = "$(TARGET_NAME)";
				SWIFT_VERSION = 5.0;
			};
			name = Release;
		};
		5C2F4BB9271244C20002CB52 /* Debug */ = {
			isa = XCBuildConfiguration;
			buildSettings = {
				ALWAYS_EMBED_SWIFT_STANDARD_LIBRARIES = YES;
				BUNDLE_LOADER = "$(TEST_HOST)";
				CODE_SIGN_STYLE = Automatic;
				CURRENT_PROJECT_VERSION = 1;
				GENERATE_INFOPLIST_FILE = YES;
				LD_RUNPATH_SEARCH_PATHS = (
					"$(inherited)",
					"@executable_path/Frameworks",
					"@loader_path/Frameworks",
				);
				MARKETING_VERSION = 1.0;
				PRODUCT_BUNDLE_IDENTIFIER = "Pomodoro.Pomodoro-App-StandaloneTests";
				PRODUCT_NAME = "$(TARGET_NAME)";
				SDKROOT = watchos;
				SWIFT_EMIT_LOC_STRINGS = NO;
				SWIFT_VERSION = 5.0;
				TARGETED_DEVICE_FAMILY = 4;
				TEST_HOST = "$(BUILT_PRODUCTS_DIR)/Pomodoro_App_Standalone WatchKit Extension.appex/Pomodoro_App_Standalone WatchKit Extension";
				WATCHOS_DEPLOYMENT_TARGET = 8.0;
			};
			name = Debug;
		};
		5C2F4BBA271244C20002CB52 /* Release */ = {
			isa = XCBuildConfiguration;
			buildSettings = {
				ALWAYS_EMBED_SWIFT_STANDARD_LIBRARIES = YES;
				BUNDLE_LOADER = "$(TEST_HOST)";
				CODE_SIGN_STYLE = Automatic;
				CURRENT_PROJECT_VERSION = 1;
				GENERATE_INFOPLIST_FILE = YES;
				LD_RUNPATH_SEARCH_PATHS = (
					"$(inherited)",
					"@executable_path/Frameworks",
					"@loader_path/Frameworks",
				);
				MARKETING_VERSION = 1.0;
				PRODUCT_BUNDLE_IDENTIFIER = "Pomodoro.Pomodoro-App-StandaloneTests";
				PRODUCT_NAME = "$(TARGET_NAME)";
				SDKROOT = watchos;
				SWIFT_EMIT_LOC_STRINGS = NO;
				SWIFT_VERSION = 5.0;
				TARGETED_DEVICE_FAMILY = 4;
				TEST_HOST = "$(BUILT_PRODUCTS_DIR)/Pomodoro_App_Standalone WatchKit Extension.appex/Pomodoro_App_Standalone WatchKit Extension";
				WATCHOS_DEPLOYMENT_TARGET = 8.0;
			};
			name = Release;
		};
		5C2F4BBC271244C20002CB52 /* Debug */ = {
			isa = XCBuildConfiguration;
			buildSettings = {
				CODE_SIGN_STYLE = Automatic;
				CURRENT_PROJECT_VERSION = 1;
				GENERATE_INFOPLIST_FILE = YES;
				LD_RUNPATH_SEARCH_PATHS = (
					"$(inherited)",
					"@executable_path/Frameworks",
					"@loader_path/Frameworks",
				);
				MARKETING_VERSION = 1.0;
				PRODUCT_BUNDLE_IDENTIFIER = "Pomodoro.Pomodoro-App-StandaloneUITests";
				PRODUCT_NAME = "$(TARGET_NAME)";
				SDKROOT = watchos;
				SWIFT_EMIT_LOC_STRINGS = NO;
				SWIFT_VERSION = 5.0;
				TARGETED_DEVICE_FAMILY = 4;
				TEST_TARGET_NAME = "Pomodoro_App_Standalone WatchKit App";
				WATCHOS_DEPLOYMENT_TARGET = 8.0;
			};
			name = Debug;
		};
		5C2F4BBD271244C20002CB52 /* Release */ = {
			isa = XCBuildConfiguration;
			buildSettings = {
				CODE_SIGN_STYLE = Automatic;
				CURRENT_PROJECT_VERSION = 1;
				GENERATE_INFOPLIST_FILE = YES;
				LD_RUNPATH_SEARCH_PATHS = (
					"$(inherited)",
					"@executable_path/Frameworks",
					"@loader_path/Frameworks",
				);
				MARKETING_VERSION = 1.0;
				PRODUCT_BUNDLE_IDENTIFIER = "Pomodoro.Pomodoro-App-StandaloneUITests";
				PRODUCT_NAME = "$(TARGET_NAME)";
				SDKROOT = watchos;
				SWIFT_EMIT_LOC_STRINGS = NO;
				SWIFT_VERSION = 5.0;
				TARGETED_DEVICE_FAMILY = 4;
				TEST_TARGET_NAME = "Pomodoro_App_Standalone WatchKit App";
				WATCHOS_DEPLOYMENT_TARGET = 8.0;
			};
			name = Release;
		};
/* End XCBuildConfiguration section */

/* Begin XCConfigurationList section */
		5C2F4B6D271244BE0002CB52 /* Build configuration list for PBXProject "Pomodoro_App_Standalone" */ = {
			isa = XCConfigurationList;
			buildConfigurations = (
				5C2F4BAB271244C20002CB52 /* Debug */,
				5C2F4BAC271244C20002CB52 /* Release */,
			);
			defaultConfigurationIsVisible = 0;
			defaultConfigurationName = Release;
		};
		5C2F4BAD271244C20002CB52 /* Build configuration list for PBXNativeTarget "Pomodoro_App_Standalone WatchKit Extension" */ = {
			isa = XCConfigurationList;
			buildConfigurations = (
				5C2F4BAE271244C20002CB52 /* Debug */,
				5C2F4BAF271244C20002CB52 /* Release */,
			);
			defaultConfigurationIsVisible = 0;
			defaultConfigurationName = Release;
		};
		5C2F4BB1271244C20002CB52 /* Build configuration list for PBXNativeTarget "Pomodoro_App_Standalone WatchKit App" */ = {
			isa = XCConfigurationList;
			buildConfigurations = (
				5C2F4BB2271244C20002CB52 /* Debug */,
				5C2F4BB3271244C20002CB52 /* Release */,
			);
			defaultConfigurationIsVisible = 0;
			defaultConfigurationName = Release;
		};
		5C2F4BB5271244C20002CB52 /* Build configuration list for PBXNativeTarget "Pomodoro_App_Standalone" */ = {
			isa = XCConfigurationList;
			buildConfigurations = (
				5C2F4BB6271244C20002CB52 /* Debug */,
				5C2F4BB7271244C20002CB52 /* Release */,
			);
			defaultConfigurationIsVisible = 0;
			defaultConfigurationName = Release;
		};
		5C2F4BB8271244C20002CB52 /* Build configuration list for PBXNativeTarget "Pomodoro_App_StandaloneTests" */ = {
			isa = XCConfigurationList;
			buildConfigurations = (
				5C2F4BB9271244C20002CB52 /* Debug */,
				5C2F4BBA271244C20002CB52 /* Release */,
			);
			defaultConfigurationIsVisible = 0;
			defaultConfigurationName = Release;
		};
		5C2F4BBB271244C20002CB52 /* Build configuration list for PBXNativeTarget "Pomodoro_App_StandaloneUITests" */ = {
			isa = XCConfigurationList;
			buildConfigurations = (
				5C2F4BBC271244C20002CB52 /* Debug */,
				5C2F4BBD271244C20002CB52 /* Release */,
			);
			defaultConfigurationIsVisible = 0;
			defaultConfigurationName = Release;
		};
/* End XCConfigurationList section */
	};
	rootObject = 5C2F4B6A271244BE0002CB52 /* Project object */;
}
